Microsoft Visual Studio Solution File, Format Version 11.00
# Visual Studio 2008

Project("{330EB226-A39E-170E-C6BF-9D44D2274CDA}") = "Chopvania", "Assembly-CSharp.csproj", "{BCEE4722-ED33-0E8E-0E7C-368B118E8093}"
EndProject
Global
	GlobalSection(SolutionConfigurationPlatforms) = preSolution
		Debug|Any CPU = Debug|Any CPU
		Release|Any CPU = Release|Any CPU
	EndGlobalSection
	GlobalSection(ProjectConfigurationPlatforms) = postSolution
		{BCEE4722-ED33-0E8E-0E7C-368B118E8093}.Debug|Any CPU.ActiveCfg = Debug|Any CPU
		{BCEE4722-ED33-0E8E-0E7C-368B118E8093}.Debug|Any CPU.Build.0 = Debug|Any CPU
		{BCEE4722-ED33-0E8E-0E7C-368B118E8093}.Release|Any CPU.ActiveCfg = Release|Any CPU
		{BCEE4722-ED33-0E8E-0E7C-368B118E8093}.Release|Any CPU.Build.0 = Release|Any CPU
	EndGlobalSection
	GlobalSection(SolutionProperties) = preSolution
		HideSolutionNode = FALSE
	EndGlobalSection
																																																																																						GlobalSection(MonoDevelopProperties) = preSolution
=======
																GlobalSection(MonoDevelopProperties) = preSolution
>>>>>>> origin/Test
		StartupItem = Assembly-CSharp.csproj
		Policies = $0
		$0.TextStylePolicy = $1
		$1.inheritsSet = null
		$1.scope = text/x-csharp
		$0.CSharpFormattingPolicy = $2
		$2.inheritsSet = Mono
		$2.inheritsScope = text/x-csharp
		$2.scope = text/x-csharp
		$0.TextStylePolicy = $3
		$3.FileWidth = 120
		$3.TabWidth = 4
		$3.EolMarker = Unix
		$3.inheritsSet = Mono
		$3.inheritsScope = text/plain
		$3.scope = text/plain
	EndGlobalSection

EndGlobal
